
Microsoft Visual Studio Solution File, Format Version 12.00
# Visual Studio Version 17
VisualStudioVersion = 17.4.33122.133
MinimumVisualStudioVersion = 10.0.40219.1
Project("{FAE04EC0-301F-11D3-BF4B-00C04F79EFBC}") = "EdiFabric.Examples.NCPDP.Telco.Demo", "EdiFabric.Examples.NCPDP.Telco.Demo\EdiFabric.Examples.NCPDP.Telco.Demo.csproj", "{9AAB971C-8632-45A1-9F01-D07E8A09ED51}"
EndProject
Project("{FAE04EC0-301F-11D3-BF4B-00C04F79EFBC}") = "EdiFabric.Examples.NCPDP.Telco.Common", "EdiFabric.Examples.NCPDP.Telco.Common\EdiFabric.Examples.NCPDP.Telco.Common.csproj", "{4DAE9718-4D28-465E-A2A1-C2E824D2EEA4}"
EndProject
Project("{2150E333-8FDC-42A3-9474-1A3956D46DE8}") = "_Getting started", "_Getting started", "{8D74671E-AE93-44DC-8EFF-18254EBC2AB2}"
	ProjectSection(SolutionItems) = preProject
		..\README.txt = ..\README.txt
	EndProjectSection
EndProject
Project("{2150E333-8FDC-42A3-9474-1A3956D46DE8}") = "Examples by feature", "Examples by feature", "{F49DDD27-0B57-418D-9A09-E8CDB55A7741}"
EndProject
Project("{2150E333-8FDC-42A3-9474-1A3956D46DE8}") = "Sample files", "Sample files", "{4F9357EF-D74A-43C1-845E-997764E85BF3}"
	ProjectSection(SolutionItems) = preProject
		..\Files\ClaimBilling = ..\Files\ClaimBilling
		..\Files\ClaimBilling.json = ..\Files\ClaimBilling.json
		..\Files\ClaimBilling.xml = ..\Files\ClaimBilling.xml
		..\Files\ClaimBilling2.xml = ..\Files\ClaimBilling2.xml
		..\Files\ClaimBillingAndResponse = ..\Files\ClaimBillingAndResponse
		..\Files\ClaimBillingCorruptG1 = ..\Files\ClaimBillingCorruptG1
		..\Files\ClaimBillingCorruptHeader = ..\Files\ClaimBillingCorruptHeader
		..\Files\ClaimBillingMultiLoop = ..\Files\ClaimBillingMultiLoop
		..\Files\ClaimBillings = ..\Files\ClaimBillings
	EndProjectSection
EndProject
Project("{FAE04EC0-301F-11D3-BF4B-00C04F79EFBC}") = "EdiFabric.Examples.NCPDP.Telco.ReadNCPDP", "EdiFabric.Examples.NCPDP.Telco.ReadNCPDP\EdiFabric.Examples.NCPDP.Telco.ReadNCPDP.csproj", "{06F4C55D-4B56-438A-A856-56CD06A4A454}"
EndProject
Project("{FAE04EC0-301F-11D3-BF4B-00C04F79EFBC}") = "EdiFabric.Examples.NCPDP.Telco.WriteNCPDP", "EdiFabric.Examples.NCPDP.Telco.WriteNCPDP\EdiFabric.Examples.NCPDP.Telco.WriteNCPDP.csproj", "{E1FD9557-3B88-4DD4-B4E2-351B24720410}"
EndProject
Project("{FAE04EC0-301F-11D3-BF4B-00C04F79EFBC}") = "EdiFabric.Examples.NCPDP.Telco.ValidateNCPDP", "EdiFabric.Examples.NCPDP.Telco.ValidateNCPDP\EdiFabric.Examples.NCPDP.Telco.ValidateNCPDP.csproj", "{9AC0D7DF-21F6-49DE-B65A-E7A579FE4622}"
EndProject
Project("{FAE04EC0-301F-11D3-BF4B-00C04F79EFBC}") = "EdiFabric.Examples.NCPDP.Telco.XML", "EdiFabric.Examples.NCPDP.Telco.XML\EdiFabric.Examples.NCPDP.Telco.XML.csproj", "{53AC3A94-4EF2-42B1-A45B-D998C29BD159}"
EndProject
Project("{FAE04EC0-301F-11D3-BF4B-00C04F79EFBC}") = "EdiFabric.Examples.NCPDP.Telco.JSON", "EdiFabric.Examples.NCPDP.Telco.JSON\EdiFabric.Examples.NCPDP.Telco.JSON.csproj", "{884D7579-5A3A-4F6D-A66B-E1C433A6F6B4}"
EndProject
Global
	GlobalSection(SolutionConfigurationPlatforms) = preSolution
		Debug|Any CPU = Debug|Any CPU
		Release|Any CPU = Release|Any CPU
	EndGlobalSection
	GlobalSection(ProjectConfigurationPlatforms) = postSolution
		{9AAB971C-8632-45A1-9F01-D07E8A09ED51}.Debug|Any CPU.ActiveCfg = Debug|Any CPU
		{9AAB971C-8632-45A1-9F01-D07E8A09ED51}.Debug|Any CPU.Build.0 = Debug|Any CPU
		{9AAB971C-8632-45A1-9F01-D07E8A09ED51}.Release|Any CPU.ActiveCfg = Release|Any CPU
		{9AAB971C-8632-45A1-9F01-D07E8A09ED51}.Release|Any CPU.Build.0 = Release|Any CPU
		{4DAE9718-4D28-465E-A2A1-C2E824D2EEA4}.Debug|Any CPU.ActiveCfg = Debug|Any CPU
		{4DAE9718-4D28-465E-A2A1-C2E824D2EEA4}.Debug|Any CPU.Build.0 = Debug|Any CPU
		{4DAE9718-4D28-465E-A2A1-C2E824D2EEA4}.Release|Any CPU.ActiveCfg = Release|Any CPU
		{4DAE9718-4D28-465E-A2A1-C2E824D2EEA4}.Release|Any CPU.Build.0 = Release|Any CPU
		{06F4C55D-4B56-438A-A856-56CD06A4A454}.Debug|Any CPU.ActiveCfg = Debug|Any CPU
		{06F4C55D-4B56-438A-A856-56CD06A4A454}.Debug|Any CPU.Build.0 = Debug|Any CPU
		{06F4C55D-4B56-438A-A856-56CD06A4A454}.Release|Any CPU.ActiveCfg = Release|Any CPU
		{06F4C55D-4B56-438A-A856-56CD06A4A454}.Release|Any CPU.Build.0 = Release|Any CPU
		{E1FD9557-3B88-4DD4-B4E2-351B24720410}.Debug|Any CPU.ActiveCfg = Debug|Any CPU
		{E1FD9557-3B88-4DD4-B4E2-351B24720410}.Debug|Any CPU.Build.0 = Debug|Any CPU
		{E1FD9557-3B88-4DD4-B4E2-351B24720410}.Release|Any CPU.ActiveCfg = Release|Any CPU
		{E1FD9557-3B88-4DD4-B4E2-351B24720410}.Release|Any CPU.Build.0 = Release|Any CPU
		{9AC0D7DF-21F6-49DE-B65A-E7A579FE4622}.Debug|Any CPU.ActiveCfg = Debug|Any CPU
		{9AC0D7DF-21F6-49DE-B65A-E7A579FE4622}.Debug|Any CPU.Build.0 = Debug|Any CPU
		{9AC0D7DF-21F6-49DE-B65A-E7A579FE4622}.Release|Any CPU.ActiveCfg = Release|Any CPU
		{9AC0D7DF-21F6-49DE-B65A-E7A579FE4622}.Release|Any CPU.Build.0 = Release|Any CPU
		{53AC3A94-4EF2-42B1-A45B-D998C29BD159}.Debug|Any CPU.ActiveCfg = Debug|Any CPU
		{53AC3A94-4EF2-42B1-A45B-D998C29BD159}.Debug|Any CPU.Build.0 = Debug|Any CPU
		{53AC3A94-4EF2-42B1-A45B-D998C29BD159}.Release|Any CPU.ActiveCfg = Release|Any CPU
		{53AC3A94-4EF2-42B1-A45B-D998C29BD159}.Release|Any CPU.Build.0 = Release|Any CPU
		{884D7579-5A3A-4F6D-A66B-E1C433A6F6B4}.Debug|Any CPU.ActiveCfg = Debug|Any CPU
		{884D7579-5A3A-4F6D-A66B-E1C433A6F6B4}.Debug|Any CPU.Build.0 = Debug|Any CPU
		{884D7579-5A3A-4F6D-A66B-E1C433A6F6B4}.Release|Any CPU.ActiveCfg = Release|Any CPU
		{884D7579-5A3A-4F6D-A66B-E1C433A6F6B4}.Release|Any CPU.Build.0 = Release|Any CPU
	EndGlobalSection
	GlobalSection(SolutionProperties) = preSolution
		HideSolutionNode = FALSE
	EndGlobalSection
	GlobalSection(NestedProjects) = preSolution
		{06F4C55D-4B56-438A-A856-56CD06A4A454} = {F49DDD27-0B57-418D-9A09-E8CDB55A7741}
		{E1FD9557-3B88-4DD4-B4E2-351B24720410} = {F49DDD27-0B57-418D-9A09-E8CDB55A7741}
		{9AC0D7DF-21F6-49DE-B65A-E7A579FE4622} = {F49DDD27-0B57-418D-9A09-E8CDB55A7741}
		{53AC3A94-4EF2-42B1-A45B-D998C29BD159} = {F49DDD27-0B57-418D-9A09-E8CDB55A7741}
		{884D7579-5A3A-4F6D-A66B-E1C433A6F6B4} = {F49DDD27-0B57-418D-9A09-E8CDB55A7741}
	EndGlobalSection
	GlobalSection(ExtensibilityGlobals) = postSolution
		SolutionGuid = {C1D60710-432D-48D3-82EA-82EFF945DC5A}
	EndGlobalSection
EndGlobal
